# This file was autogenerated by Stack.
# You should not edit this file by hand.
# For more information, please see the documentation at:
#   https://docs.haskellstack.org/en/stable/topics/lock_files

packages:
- completed:
    hackage: libfuse3-0.2.1.0@sha256:e3fc6c3b244afb4077cba6f607da894037e956a81572d44ce79a0a0d1a4696a1,4552
    pantry-tree:
      sha256: 80794c77b68f69e051f41260cd73448746a57b2d62e2e9b276bf77b701b4345a
      size: 1655
  original:
    hackage: libfuse3-0.2.1.0@sha256:e3fc6c3b244afb4077cba6f607da894037e956a81572d44ce79a0a0d1a4696a1,4552
- completed:
    hackage: binary-0.8.9.3@sha256:8b03c7fd5a7f6803280fba87e38d534beb1dc92fec975de5bd36200633996ef2,6576
    pantry-tree:
      sha256: 32834cef5d28bfbe4ba230c12bdae4363a30911f898df9e6d5074fbbabcd549a
      size: 1976
  original:
    hackage: binary-0.8.9.3@sha256:8b03c7fd5a7f6803280fba87e38d534beb1dc92fec975de5bd36200633996ef2,6576
- completed:
    hackage: containers-0.7@sha256:e9b5fdcc609159410d408c47e0be13663bb0b4a42a5183b52aa0ac9c99e1dfec,2668
    pantry-tree:
      sha256: 265b0a6110df990b5f9f04d21856333ed5ed66f37a4b0a0215901d831f69629b
      size: 2954
  original:
    hackage: containers-0.7@sha256:e9b5fdcc609159410d408c47e0be13663bb0b4a42a5183b52aa0ac9c99e1dfec,2668
- completed:
    hackage: parsec-3.1.18.0@sha256:dfbb9835b8abc966b6bbd34340ef5122227b4cf4480062b85ca4c4704f054f98,4535
    pantry-tree:
      sha256: 48ae1440eb8eb4fecde2a724c492e830ff2bec341117164302399b417733bf70
      size: 2810
  original:
    hackage: parsec-3.1.18.0@sha256:dfbb9835b8abc966b6bbd34340ef5122227b4cf4480062b85ca4c4704f054f98,4535
- completed:
    hackage: text-2.1.3@sha256:1907e0f6914e376df3a3a1fbc5a04e49c729d333de34babba4da30075048c60f,11185
    pantry-tree:
      sha256: 44a1a038eafd6d59998c0b327b231e344252a64b083300e56649ebf2b7c20646
      size: 8725
  original:
    hackage: text-2.1.3@sha256:1907e0f6914e376df3a3a1fbc5a04e49c729d333de34babba4da30075048c60f,11185
snapshots:
- completed:
    sha256: aa97dce5253937e4aa56100a0a9dc1f79a554cf543ad7cfab0afe6ed42de2f31
    size: 724941
    url: https://raw.githubusercontent.com/commercialhaskell/stackage-snapshots/master/lts/24/3.yaml
  original: lts-24.3
